schema: '2.0'
stages:
  Data_injestion:
    cmd: python src/Data_injestion.py
    deps:
    - path: src/Data_injestion.py
      hash: md5
      md5: b9ebc113adf33ce79c339df2999ec102
      size: 3923
    params:
      params.yaml:
        Data_injestion.test_size: 0.3
    outs:
    - path: data/raw
      hash: md5
      md5: f9c40bcb1972def94e131d8d52f0cd8b.dir
      size: 484846
      nfiles: 2
  Data_preprocessing:
    cmd: python src/Data_Preprocessing.py
    deps:
    - path: data/raw
      hash: md5
      md5: f9c40bcb1972def94e131d8d52f0cd8b.dir
      size: 484846
      nfiles: 2
    - path: src/Data_Preprocessing.py
      hash: md5
      md5: cb1bf71ccabfc4683d12f22e445dd2f3
      size: 3931
    outs:
    - path: data/interim
      hash: md5
      md5: df990f90e26c886e37f277276b5e2574.dir
      size: 263911
      nfiles: 2
  Feature_engineering:
    cmd: python src/Feature_Engineering.py
    deps:
    - path: data/interim
      hash: md5
      md5: 331102e848039eaded9c83910811f274.dir
      size: 262279
      nfiles: 2
    - path: src/Feature_Engineering.py
      hash: md5
      md5: de9e7a49c1dedfdd46c449068f4444a1
      size: 3199
    outs:
    - path: data/processed
      hash: md5
      md5: 671d1ad721f53f02fd42138518bddd64.dir
      size: 1187166
      nfiles: 2
  Model_Building:
    cmd: python src/Model_Building.py
    deps:
    - path: data/processed
      hash: md5
      md5: d7f5cb8f2ef8e812c4270d18c61de28f.dir
      size: 1193011
      nfiles: 2
    - path: src/Model_Building.py
      hash: md5
      md5: eaa152b2cf34cb52374c57c62f686a3a
      size: 4707
    params:
      params.yaml:
        Model_Building.n_estimators: 25
        Model_Building.random_state: 2
    outs:
    - path: models/model.pkl
      hash: md5
      md5: 7c922adb902427c91015da2a2ab017c0
      size: 973174
  Model_Evaluation:
    cmd: python src/Model_Evaluation.py
    deps:
    - path: models/model.pkl
      hash: md5
      md5: 7c922adb902427c91015da2a2ab017c0
      size: 973174
    - path: src/Model_Evaluation.py
      hash: md5
      md5: 094dc92b8206702c3df8ef7e47cbf133
      size: 4783
    outs:
    - path: reports/metrics.json
      hash: md5
      md5: 02f49a7fc3495faf8566469d957cb477
      size: 145
  Feature_Engineering:
    cmd: python src/Feature_Engineering.py
    deps:
    - path: data/interim
      hash: md5
      md5: df990f90e26c886e37f277276b5e2574.dir
      size: 263911
      nfiles: 2
    - path: src/Feature_Engineering.py
      hash: md5
      md5: ba6c565e86b061f2a166f2e20e45b86c
      size: 3907
    params:
      params.yaml:
        Feature_Engineering.max_features: 50
    outs:
    - path: data/processed
      hash: md5
      md5: d7f5cb8f2ef8e812c4270d18c61de28f.dir
      size: 1193011
      nfiles: 2
