schema: '2.0'
stages:
  Data_injestion:
    cmd: python src/Data_injestion.py
    deps:
    - path: src/Data_injestion.py
      hash: md5
      md5: 3f8ad26a77fb2f0aeb5bf9855e401bad
      size: 3932
    params:
      params.yaml:
        Data_injestion.test_size: 0.25
    outs:
    - path: data/raw
      hash: md5
      md5: 66070fee9ee2ba63012a304fc7fbbd43.dir
      size: 484846
      nfiles: 2
  Data_preprocessing:
    cmd: python src/Data_Preprocessing.py
    deps:
    - path: data/raw
      hash: md5
      md5: 66070fee9ee2ba63012a304fc7fbbd43.dir
      size: 484846
      nfiles: 2
    - path: src/Data_Preprocessing.py
      hash: md5
      md5: cb1bf71ccabfc4683d12f22e445dd2f3
      size: 3931
    outs:
    - path: data/interim
      hash: md5
      md5: 45738a91aa7e964690e8e2e7c959e3a3.dir
      size: 262748
      nfiles: 2
  Feature_engineering:
    cmd: python src/Feature_Engineering.py
    deps:
    - path: data/interim
      hash: md5
      md5: 331102e848039eaded9c83910811f274.dir
      size: 262279
      nfiles: 2
    - path: src/Feature_Engineering.py
      hash: md5
      md5: de9e7a49c1dedfdd46c449068f4444a1
      size: 3199
    outs:
    - path: data/processed
      hash: md5
      md5: 671d1ad721f53f02fd42138518bddd64.dir
      size: 1187166
      nfiles: 2
  Model_Building:
    cmd: python src/Model_Building.py
    deps:
    - path: data/processed
      hash: md5
      md5: 8883c0bfc2adbf4d377a8c5fccf3ac63.dir
      size: 1074161
      nfiles: 2
    - path: src/Model_Building.py
      hash: md5
      md5: eaa152b2cf34cb52374c57c62f686a3a
      size: 4707
    params:
      params.yaml:
        Model_Building.n_estimators: 20
        Model_Building.random_state: 2
    outs:
    - path: models/model.pkl
      hash: md5
      md5: 55b1e2f6349681661558dedc0e7c1fbd
      size: 772981
  Model_Evaluation:
    cmd: python src/Model_Evaluation.py
    deps:
    - path: models/model.pkl
      hash: md5
      md5: 55b1e2f6349681661558dedc0e7c1fbd
      size: 772981
    - path: src/Model_Evaluation.py
      hash: md5
      md5: b4f9d7098cd4134ade95f7f00a387831
      size: 3635
    outs:
    - path: reports/metrics.json
      hash: md5
      md5: 17db52bcccd7adbe8acb87eef432ea9d
      size: 145
  Feature_Engineering:
    cmd: python src/Feature_Engineering.py
    deps:
    - path: data/interim
      hash: md5
      md5: 45738a91aa7e964690e8e2e7c959e3a3.dir
      size: 262748
      nfiles: 2
    - path: src/Feature_Engineering.py
      hash: md5
      md5: ba6c565e86b061f2a166f2e20e45b86c
      size: 3907
    params:
      params.yaml:
        Feature_Engineering.max_features: 45
    outs:
    - path: data/processed
      hash: md5
      md5: 8883c0bfc2adbf4d377a8c5fccf3ac63.dir
      size: 1074161
      nfiles: 2
